
Microsoft Visual Studio Solution File, Format Version 12.00
# Visual Studio Version 16
VisualStudioVersion = 16.0.28729.10
MinimumVisualStudioVersion = 10.0.40219.1
Project("{FAE04EC0-301F-11D3-BF4B-00C04F79EFBC}") = "OfficialRohan01", "OfficialRohan01\OfficialRohan01.csproj", "{4B33B781-C2DA-4520-BA5D-DCD3D9FB6D07}"
EndProject
Global
	GlobalSection(SolutionConfigurationPlatforms) = preSolution
		Debug|Any CPU = Debug|Any CPU
		Release|Any CPU = Release|Any CPU
	EndGlobalSection
	GlobalSection(ProjectConfigurationPlatforms) = postSolution
		{4B33B781-C2DA-4520-BA5D-DCD3D9FB6D07}.Debug|Any CPU.ActiveCfg = Debug|Any CPU
		{4B33B781-C2DA-4520-BA5D-DCD3D9FB6D07}.Debug|Any CPU.Build.0 = Debug|Any CPU
		{4B33B781-C2DA-4520-BA5D-DCD3D9FB6D07}.Release|Any CPU.ActiveCfg = Release|Any CPU
		{4B33B781-C2DA-4520-BA5D-DCD3D9FB6D07}.Release|Any CPU.Build.0 = Release|Any CPU
	EndGlobalSection
	GlobalSection(SolutionProperties) = preSolution
		HideSolutionNode = FALSE
	EndGlobalSection
	GlobalSection(ExtensibilityGlobals) = postSolution
		SolutionGuid = {C249C3CC-CE92-4354-BF22-6057433F66D6}
	EndGlobalSection
EndGlobal
